lockfileVersion: '9.0'

settings:
  autoInstallPeers: true
  excludeLinksFromLockfile: false

importers:

  .:
    dependencies:
      '@hono/zod-openapi':
        specifier: ^1.1.3
        version: 1.1.3(hono@4.9.11)(zod@4.1.12)
      zod:
        specifier: ^4.1.12
        version: 4.1.12
    devDependencies:
      typescript:
        specifier: ^5.9.3
        version: 5.9.3

packages:

  '@asteasolutions/zod-to-openapi@8.1.0':
    resolution: {integrity: sha512-tQFxVs05J/6QXXqIzj6rTRk3nj1HFs4pe+uThwE95jL5II2JfpVXkK+CqkO7aT0Do5AYqO6LDrKpleLUFXgY+g==}
    peerDependencies:
      zod: ^4.0.0

  '@hono/zod-openapi@1.1.3':
    resolution: {integrity: sha512-ikA8p0Jt7yplxOqbYwdh8rCQWaGN4bu8zK1HbCWqfWT9clo87L32D0eAQ/r0tJodtZbTV5d1vPB75FCkUt1Jdg==}
    engines: {node: '>=16.0.0'}
    peerDependencies:
      hono: '>=4.3.6'
      zod: ^4.0.0

  '@hono/zod-validator@0.7.4':
    resolution: {integrity: sha512-biKGn3BRJVaftZlIPMyK+HCe/UHAjJ6sH0UyXe3+v0OcgVr9xfImDROTJFLtn9e3XEEAHGZIM9U6evu85abm8Q==}
    peerDependencies:
      hono: '>=3.9.0'
      zod: ^3.25.0 || ^4.0.0

  hono@4.9.11:
    resolution: {integrity: sha512-MyJ4xop3boTyXl8bJBh4i20AAZTLM3AXUJphyrUb0CpgTKYb1N703z53XiKUKchGUpcPqiiYkiLOXA3kqK3icA==}
    engines: {node: '>=16.9.0'}

  openapi3-ts@4.5.0:
    resolution: {integrity: sha512-jaL+HgTq2Gj5jRcfdutgRGLosCy/hT8sQf6VOy+P+g36cZOjI1iukdPnijC+4CmeRzg/jEllJUboEic2FhxhtQ==}

  typescript@5.9.3:
    resolution: {integrity: sha512-jl1vZzPDinLr9eUt3J/t7V6FgNEw9QjvBPdysz9KfQDD41fQrC2Y4vKQdiaUpFT4bXlb1RHhLpp8wtm6M5TgSw==}
    engines: {node: '>=14.17'}
    hasBin: true

  yaml@2.8.1:
    resolution: {integrity: sha512-lcYcMxX2PO9XMGvAJkJ3OsNMw+/7FKes7/hgerGUYWIoWu5j/+YQqcZr5JnPZWzOsEBgMbSbiSTn/dv/69Mkpw==}
    engines: {node: '>= 14.6'}
    hasBin: true

  zod@4.1.12:
    resolution: {integrity: sha512-JInaHOamG8pt5+Ey8kGmdcAcg3OL9reK8ltczgHTAwNhMys/6ThXHityHxVV2p3fkw/c+MAvBHFVYHFZDmjMCQ==}

snapshots:

  '@asteasolutions/zod-to-openapi@8.1.0(zod@4.1.12)':
    dependencies:
      openapi3-ts: 4.5.0
      zod: 4.1.12

  '@hono/zod-openapi@1.1.3(hono@4.9.11)(zod@4.1.12)':
    dependencies:
      '@asteasolutions/zod-to-openapi': 8.1.0(zod@4.1.12)
      '@hono/zod-validator': 0.7.4(hono@4.9.11)(zod@4.1.12)
      hono: 4.9.11
      openapi3-ts: 4.5.0
      zod: 4.1.12

  '@hono/zod-validator@0.7.4(hono@4.9.11)(zod@4.1.12)':
    dependencies:
      hono: 4.9.11
      zod: 4.1.12

  hono@4.9.11: {}

  openapi3-ts@4.5.0:
    dependencies:
      yaml: 2.8.1

  typescript@5.9.3: {}

  yaml@2.8.1: {}

  zod@4.1.12: {}
